{
  "name": "umans-proxy",
  "version": "1.0.0",
  "lockfileVersion": 3,
  "requires": true,
  "packages": {
    "": {
      "name": "umans-proxy",
      "version": "1.0.0",
      "license": "MIT",
      "dependencies": {
        "sleev": "latest"
      }
    },
    "node_modules/sleev": {
      "version": "1.4.26",
      "resolved": "https://registry.npmjs.org/sleev/-/sleev-1.4.26.tgz",
      "integrity": "sha512-PQTYpOzI9/7JEGu4VsC1T4es8ZwlTQHNFl6wz+cyvyG4J3Rsfrph2gP99NYG+KCrI/bkRosT/0pIhgbAhXCO1g==",
      "hasInstallScript": true,
      "license": "UNLICENSED",
      "bin": {
        "sleev": "bin/sleev.exe"
      },
      "engines": {
        "node": ">=22"
      },
      "optionalDependencies": {
        "sleev-darwin-arm64": "1.4.26",
        "sleev-darwin-x64": "1.4.26",
        "sleev-linux-arm64": "1.4.26",
        "sleev-linux-x64": "1.4.26",
        "sleev-windows-arm64": "1.4.26",
        "sleev-windows-x64": "1.4.26"
      }
    },
    "node_modules/sleev-darwin-arm64": {
      "version": "1.4.26",
      "resolved": "https://registry.npmjs.org/sleev-darwin-arm64/-/sleev-darwin-arm64-1.4.26.tgz",
      "integrity": "sha512-ndeKkZVXxDKvKNaE8VDQ3TeJnKmh9N4rmHo06Yb83/VV3ilwBdrEodS7gLNUC+5joX/n7YZKrS+Y4ENDAZPQ0Q==",
      "cpu": [
        "arm64"
      ],
      "license": "UNLICENSED",
      "optional": true,
      "os": [
        "darwin"
      ]
    },
    "node_modules/sleev-darwin-x64": {
      "version": "1.4.26",
      "resolved": "https://registry.npmjs.org/sleev-darwin-x64/-/sleev-darwin-x64-1.4.26.tgz",
      "integrity": "sha512-MR3TCZBlQshEQi+8yxlFHeax2DvaWaqPf9YBYRA50wSQq9dyKQ0v30Ta49hJx8a7EfANppa76nq3LgPh16ijbw==",
      "cpu": [
        "x64"
      ],
      "license": "UNLICENSED",
      "optional": true,
      "os": [
        "darwin"
      ]
    },
    "node_modules/sleev-linux-arm64": {
      "version": "1.4.26",
      "resolved": "https://registry.npmjs.org/sleev-linux-arm64/-/sleev-linux-arm64-1.4.26.tgz",
      "integrity": "sha512-EupGXgrsXgXEX+erqFUTN8pXWj7oJ5Gik+AwUpdfMXKaVYYZfAItBX7g8w9xd+2eWmOhpkHXBUEcM8GFyXVajA==",
      "cpu": [
        "arm64"
      ],
      "license": "UNLICENSED",
      "optional": true,
      "os": [
        "linux"
      ]
    },
    "node_modules/sleev-linux-x64": {
      "version": "1.4.26",
      "resolved": "https://registry.npmjs.org/sleev-linux-x64/-/sleev-linux-x64-1.4.26.tgz",
      "integrity": "sha512-S12x+rtuF8ioRaWqFohxNSH5igMjCMAbKUgDwg97SbAxIZLDwlCKmbKA56wlIWzqTB/a/4s2ZcehOth+XZ45LQ==",
      "cpu": [
        "x64"
      ],
      "license": "UNLICENSED",
      "optional": true,
      "os": [
        "linux"
      ]
    },
    "node_modules/sleev-windows-arm64": {
      "version": "1.4.26",
      "resolved": "https://registry.npmjs.org/sleev-windows-arm64/-/sleev-windows-arm64-1.4.26.tgz",
      "integrity": "sha512-wDr+KVoUW3igEYeBihLX12eVBvxGwhSO9MhHhZw09KJAOhv+0x34yBQtj9BssmwDhjjYortK/61mjxtW4HuYPg==",
      "cpu": [
        "arm64"
      ],
      "license": "UNLICENSED",
      "optional": true,
      "os": [
        "win32"
      ]
    },
    "node_modules/sleev-windows-x64": {
      "version": "1.4.26",
      "resolved": "https://registry.npmjs.org/sleev-windows-x64/-/sleev-windows-x64-1.4.26.tgz",
      "integrity": "sha512-WPaAa1ahpft7b0riB8HXznUQyLsBTfDBXtDvLcP/FlWYev1+jNFLFBC4+3ep6xN4nPvTQynSzPe0yOg+bbZ7uA==",
      "cpu": [
        "x64"
      ],
      "license": "UNLICENSED",
      "optional": true,
      "os": [
        "win32"
      ]
    }
  }
}
